{
  "name": "tecg",
  "version": "0.1.0",
  "lockfileVersion": 1,
  "requires": true,
  "dependencies": {
    "complex.js": {
      "version": "2.0.11",
      "resolved": "https://registry.npmjs.org/complex.js/-/complex.js-2.0.11.tgz",
      "integrity": "sha512-6IArJLApNtdg1P1dFtn3dnyzoZBEF0MwMnrfF1exSBRpZYoy4yieMkpZhQDC0uwctw48vii0CFVyHfpgZ/DfGw=="
    },
    "cytoscape": {
      "version": "3.3.1",
      "resolved": "https://registry.npmjs.org/cytoscape/-/cytoscape-3.3.1.tgz",
      "integrity": "sha512-3IIh63Oz/dtiO1ibPb9CWHBPo90JZg/74EI+vDL/hamaP01bQ7Yx1r9oiS4AyTedvlUCio5j7Bu3NtRWxJHryw==",
      "requires": {
        "heap": "^0.2.6",
        "lodash.debounce": "^4.0.8"
      }
    },
    "decimal.js": {
      "version": "10.0.1",
      "resolved": "https://registry.npmjs.org/decimal.js/-/decimal.js-10.0.1.tgz",
      "integrity": "sha512-vklWB5C4Cj423xnaOtsUmAv0/7GqlXIgDv2ZKDyR64OV3OSzGHNx2mk4p/1EKnB5s70k73cIOOEcG9YzF0q4Lw=="
    },
    "escape-latex": {
      "version": "1.2.0",
      "resolved": "https://registry.npmjs.org/escape-latex/-/escape-latex-1.2.0.tgz",
      "integrity": "sha512-nV5aVWW1K0wEiUIEdZ4erkGGH8mDxGyxSeqPzRNtWP7ataw+/olFObw7hujFWlVjNsaDFw5VZ5NzVSIqRgfTiw=="
    },
    "fraction.js": {
      "version": "4.0.11",
      "resolved": "https://registry.npmjs.org/fraction.js/-/fraction.js-4.0.11.tgz",
      "integrity": "sha512-wyQd1A06dTom7vTkf8OsnqXNi5XjleeaDFrvQX3SDIyMsVN1eb8KSGH3fsckF5FMlSWBrMfDCcJWVf99rXbf/g=="
    },
    "heap": {
      "version": "0.2.6",
      "resolved": "https://registry.npmjs.org/heap/-/heap-0.2.6.tgz",
      "integrity": "sha1-CH4fELBGky/IWU3Z5tN4r8nR5aw="
    },
    "javascript-natural-sort": {
      "version": "0.7.1",
      "resolved": "https://registry.npmjs.org/javascript-natural-sort/-/javascript-natural-sort-0.7.1.tgz",
      "integrity": "sha1-+eIwPUUH9tdDVac2ZNFED7Wg71k="
    },
    "js-graph-algorithms": {
      "version": "1.0.18",
      "resolved": "https://registry.npmjs.org/js-graph-algorithms/-/js-graph-algorithms-1.0.18.tgz",
      "integrity": "sha1-+W7Ie/GU9cCjE2X6Dh0Ht7li2JE="
    },
    "js-tokens": {
      "version": "4.0.0",
      "resolved": "https://registry.npmjs.org/js-tokens/-/js-tokens-4.0.0.tgz",
      "integrity": "sha512-RdJUflcE3cUzKiMqQgsCu06FPu9UdIJO0beYbPhHN4k6apgJtifcoCtT9bcxOpYBtpD2kCM6Sbzg4CausW/PKQ=="
    },
    "lodash.debounce": {
      "version": "4.0.8",
      "resolved": "https://registry.npmjs.org/lodash.debounce/-/lodash.debounce-4.0.8.tgz",
      "integrity": "sha1-gteb/zCmfEAF/9XiUVMArZyk168="
    },
    "loose-envify": {
      "version": "1.4.0",
      "resolved": "https://registry.npmjs.org/loose-envify/-/loose-envify-1.4.0.tgz",
      "integrity": "sha512-lyuxPGr/Wfhrlem2CL/UcnUc1zcqKAImBDzukY7Y5F/yQiNdko6+fRLevlw1HgMySw7f611UIY408EtxRSoK3Q==",
      "requires": {
        "js-tokens": "^3.0.0 || ^4.0.0"
      }
    },
    "mathjs": {
      "version": "5.4.0",
      "resolved": "https://registry.npmjs.org/mathjs/-/mathjs-5.4.0.tgz",
      "integrity": "sha512-dhoFsi9SUR5IwUlDRq1KyP/2MhYo5yL8nROx7w0wlHF/yc7h5gAR4P7GRVt5mBBPliRYTLc63wsFVOigJ3YSEg==",
      "requires": {
        "complex.js": "2.0.11",
        "decimal.js": "10.0.1",
        "escape-latex": "1.2.0",
        "fraction.js": "4.0.11",
        "javascript-natural-sort": "0.7.1",
        "seed-random": "2.2.0",
        "tiny-emitter": "2.0.2",
        "typed-function": "1.1.0"
      }
    },
    "object-assign": {
      "version": "4.1.1",
      "resolved": "https://registry.npmjs.org/object-assign/-/object-assign-4.1.1.tgz",
      "integrity": "sha1-IQmtx5ZYh8/AXLvUQsrIv7s2CGM="
    },
    "prop-types": {
      "version": "15.6.2",
      "resolved": "https://registry.npmjs.org/prop-types/-/prop-types-15.6.2.tgz",
      "integrity": "sha512-3pboPvLiWD7dkI3qf3KbUe6hKFKa52w+AE0VCqECtf+QHAKgOL37tTaNCnuX1nAAQ4ZhyP+kYVKf8rLmJ/feDQ==",
      "requires": {
        "loose-envify": "^1.3.1",
        "object-assign": "^4.1.1"
      }
    },
    "react": {
      "version": "16.7.0",
      "resolved": "https://registry.npmjs.org/react/-/react-0.0.0-4a1072194.tgz",
      "integrity": "sha512-ZUj2lkUDLjwJaGu4WD0dYSvsfIyhQt2l/AJDlg4ij+rCDU3fSFKgHWanNovViUoaWHAxgrpft3KGFfvWPZH5LA==",
      "requires": {
        "loose-envify": "^1.1.0",
        "object-assign": "^4.1.1",
        "prop-types": "^15.6.2",
        "scheduler": "^0.12.0"
      }
    },
    "react-dom": {
      "version": "16.7.0",
      "resolved": "https://registry.npmjs.org/react-dom/-/react-dom-0.0.0-4a1072194.tgz",
      "integrity": "sha512-GfG8Vh/jMcnJKDpv7T6O1pS/WVqiocjPQ9o9cscW8bjR9W36DT3Xb4pDZT70t1xyVvX48/NrTQGz0H7I3fCLhQ==",
      "requires": {
        "loose-envify": "^1.1.0",
        "object-assign": "^4.1.1",
        "prop-types": "^15.6.2",
        "scheduler": "^0.12.0"
      }
    },
    "scheduler": {
      "version": "0.12.0",
      "resolved": "https://registry.npmjs.org/scheduler/-/scheduler-0.0.0-4a1072194.tgz",
      "integrity": "sha512-U+PqKfBcR39RFbJrlJPFwDXG2iLOZBGOPzNSWTAGUoOfTiL8qHTkemJeyV5CcL0UyaRgR8g3S469cNWFs/SHIw==",
      "requires": {
        "loose-envify": "^1.1.0",
        "object-assign": "^4.1.1"
      }
    },
    "seed-random": {
      "version": "2.2.0",
      "resolved": "https://registry.npmjs.org/seed-random/-/seed-random-2.2.0.tgz",
      "integrity": "sha1-KpsZ4lCoFwmSMaW5mk2vgLf77VQ="
    },
    "tiny-emitter": {
      "version": "2.0.2",
      "resolved": "https://registry.npmjs.org/tiny-emitter/-/tiny-emitter-2.0.2.tgz",
      "integrity": "sha512-2NM0auVBGft5tee/OxP4PI3d8WItkDM+fPnaRAVo6xTDI2knbz9eC5ArWGqtGlYqiH3RU5yMpdyTTO7MguC4ow=="
    },
    "typed-function": {
      "version": "1.1.0",
      "resolved": "https://registry.npmjs.org/typed-function/-/typed-function-1.1.0.tgz",
      "integrity": "sha512-TuQzwiT4DDg19beHam3E66oRXhyqlyfgjHB/5fcvsRXbfmWPJfto9B4a0TBdTrQAPGlGmXh/k7iUI+WsObgORA=="
    }
  }
}
